// !$*UTF8*$!
{
	archiveVersion = 1;
	classes = {
	};
	objectVersion = 56;
	objects = {

/* Begin PBXBuildFile section */
		A10000000000000000000001 /* GTRCustomerApp.swift in Sources */ = {isa = PBXBuildFile; fileRef = A10000000000000000000011 /* GTRCustomerApp.swift */; };
		A10000000000000000000002 /* ContentView.swift in Sources */ = {isa = PBXBuildFile; fileRef = A10000000000000000000012 /* ContentView.swift */; };
		A10000000000000000000003 /* AppEnv.swift in Sources */ = {isa = PBXBuildFile; fileRef = A10000000000000000000013 /* AppEnv.swift */; };
		A10000000000000000000004 /* Assets.xcassets in Resources */ = {isa = PBXBuildFile; fileRef = A10000000000000000000014 /* Assets.xcassets */; };
		A10000000000000000000005 /* StorefrontModels.swift in Sources */ = {isa = PBXBuildFile; fileRef = A10000000000000000000015 /* StorefrontModels.swift */; };
		A10000000000000000000006 /* StorefrontApi.swift in Sources */ = {isa = PBXBuildFile; fileRef = A10000000000000000000016 /* StorefrontApi.swift */; };
		A10000000000000000000007 /* StorefrontFormat.swift in Sources */ = {isa = PBXBuildFile; fileRef = A10000000000000000000017 /* StorefrontFormat.swift */; };
		A10000000000000000000008 /* StorefrontSession.swift in Sources */ = {isa = PBXBuildFile; fileRef = A10000000000000000000018 /* StorefrontSession.swift */; };
		A10000000000000000000009 /* CartScreen.swift in Sources */ = {isa = PBXBuildFile; fileRef = A10000000000000000000019 /* CartScreen.swift */; };
		A1000000000000000000000A /* OrdersScreen.swift in Sources */ = {isa = PBXBuildFile; fileRef = A1000000000000000000001A /* OrdersScreen.swift */; };
		A1000000000000000000000B /* GarageScreen.swift in Sources */ = {isa = PBXBuildFile; fileRef = A1000000000000000000001B /* GarageScreen.swift */; };
		A1000000000000000000000C /* PayScreen.swift in Sources */ = {isa = PBXBuildFile; fileRef = A1000000000000000000001C /* PayScreen.swift */; };
		A1000000000000000000000D /* PostgrestClient.swift in Sources */ = {isa = PBXBuildFile; fileRef = A1000000000000000000001D /* PostgrestClient.swift */; };
		A1000000000000000000000E /* LiveStorefrontApi.swift in Sources */ = {isa = PBXBuildFile; fileRef = A1000000000000000000001E /* LiveStorefrontApi.swift */; };
		A1000000000000000000000F /* GoTrueAuthClient.swift in Sources */ = {isa = PBXBuildFile; fileRef = A1000000000000000000001F /* GoTrueAuthClient.swift */; };
		A10000000000000000000023 /* AuthTokenStore.swift in Sources */ = {isa = PBXBuildFile; fileRef = A10000000000000000000021 /* AuthTokenStore.swift */; };
		A10000000000000000000024 /* SignInScreen.swift in Sources */ = {isa = PBXBuildFile; fileRef = A10000000000000000000022 /* SignInScreen.swift */; };
		A10000000000000000000026 /* ChatScreen.swift in Sources */ = {isa = PBXBuildFile; fileRef = A10000000000000000000027 /* ChatScreen.swift */; };
		A10000000000000000000028 /* DeliveryTrackScreen.swift in Sources */ = {isa = PBXBuildFile; fileRef = A10000000000000000000029 /* DeliveryTrackScreen.swift */; };
		A1000000000000000000002A /* WishlistScreen.swift in Sources */ = {isa = PBXBuildFile; fileRef = A1000000000000000000002B /* WishlistScreen.swift */; };
		A1000000000000000000002C /* CompareScreen.swift in Sources */ = {isa = PBXBuildFile; fileRef = A1000000000000000000002D /* CompareScreen.swift */; };
		A1000000000000000000002E /* ReviewsScreen.swift in Sources */ = {isa = PBXBuildFile; fileRef = A1000000000000000000002F /* ReviewsScreen.swift */; };
		A10000000000000000000050 /* GuestCompareStore.swift in Sources */ = {isa = PBXBuildFile; fileRef = A10000000000000000000051 /* GuestCompareStore.swift */; };
/* End PBXBuildFile section */

/* Begin PBXFileReference section */
		A10000000000000000000010 /* GTRCustomer.app */ = {isa = PBXFileReference; explicitFileType = wrapper.application; includeInIndex = 0; path = GTRCustomer.app; sourceTree = BUILT_PRODUCTS_DIR; };
		A10000000000000000000011 /* GTRCustomerApp.swift */ = {isa = PBXFileReference; lastKnownFileType = sourcecode.swift; path = GTRCustomerApp.swift; sourceTree = "<group>"; };
		A10000000000000000000012 /* ContentView.swift */ = {isa = PBXFileReference; lastKnownFileType = sourcecode.swift; path = ContentView.swift; sourceTree = "<group>"; };
		A10000000000000000000013 /* AppEnv.swift */ = {isa = PBXFileReference; lastKnownFileType = sourcecode.swift; name = AppEnv.swift; path = ../Sources/GTRCustomerCore/AppEnv.swift; sourceTree = "<group>"; };
		A10000000000000000000014 /* Assets.xcassets */ = {isa = PBXFileReference; lastKnownFileType = folder.assetcatalog; path = Assets.xcassets; sourceTree = "<group>"; };
		A10000000000000000000015 /* StorefrontModels.swift */ = {isa = PBXFileReference; lastKnownFileType = sourcecode.swift; name = StorefrontModels.swift; path = ../Sources/GTRCustomerCore/StorefrontModels.swift; sourceTree = "<group>"; };
		A10000000000000000000016 /* StorefrontApi.swift */ = {isa = PBXFileReference; lastKnownFileType = sourcecode.swift; name = StorefrontApi.swift; path = ../Sources/GTRCustomerCore/StorefrontApi.swift; sourceTree = "<group>"; };
		A10000000000000000000017 /* StorefrontFormat.swift */ = {isa = PBXFileReference; lastKnownFileType = sourcecode.swift; name = StorefrontFormat.swift; path = ../Sources/GTRCustomerCore/StorefrontFormat.swift; sourceTree = "<group>"; };
		A10000000000000000000018 /* StorefrontSession.swift */ = {isa = PBXFileReference; lastKnownFileType = sourcecode.swift; path = StorefrontSession.swift; sourceTree = "<group>"; };
		A10000000000000000000019 /* CartScreen.swift */ = {isa = PBXFileReference; lastKnownFileType = sourcecode.swift; path = CartScreen.swift; sourceTree = "<group>"; };
		A1000000000000000000001A /* OrdersScreen.swift */ = {isa = PBXFileReference; lastKnownFileType = sourcecode.swift; path = OrdersScreen.swift; sourceTree = "<group>"; };
		A1000000000000000000001B /* GarageScreen.swift */ = {isa = PBXFileReference; lastKnownFileType = sourcecode.swift; path = GarageScreen.swift; sourceTree = "<group>"; };
		A1000000000000000000001C /* PayScreen.swift */ = {isa = PBXFileReference; lastKnownFileType = sourcecode.swift; path = PayScreen.swift; sourceTree = "<group>"; };
		A1000000000000000000001D /* PostgrestClient.swift */ = {isa = PBXFileReference; lastKnownFileType = sourcecode.swift; name = PostgrestClient.swift; path = ../Sources/GTRCustomerCore/PostgrestClient.swift; sourceTree = "<group>"; };
		A1000000000000000000001E /* LiveStorefrontApi.swift */ = {isa = PBXFileReference; lastKnownFileType = sourcecode.swift; name = LiveStorefrontApi.swift; path = ../Sources/GTRCustomerCore/LiveStorefrontApi.swift; sourceTree = "<group>"; };
		A1000000000000000000001F /* GoTrueAuthClient.swift */ = {isa = PBXFileReference; lastKnownFileType = sourcecode.swift; name = GoTrueAuthClient.swift; path = ../Sources/GTRCustomerCore/GoTrueAuthClient.swift; sourceTree = "<group>"; };
		A10000000000000000000021 /* AuthTokenStore.swift */ = {isa = PBXFileReference; lastKnownFileType = sourcecode.swift; name = AuthTokenStore.swift; path = ../Sources/GTRCustomerCore/AuthTokenStore.swift; sourceTree = "<group>"; };
		A10000000000000000000022 /* SignInScreen.swift */ = {isa = PBXFileReference; lastKnownFileType = sourcecode.swift; path = SignInScreen.swift; sourceTree = "<group>"; };
		A10000000000000000000027 /* ChatScreen.swift */ = {isa = PBXFileReference; lastKnownFileType = sourcecode.swift; path = ChatScreen.swift; sourceTree = "<group>"; };
		A10000000000000000000029 /* DeliveryTrackScreen.swift */ = {isa = PBXFileReference; lastKnownFileType = sourcecode.swift; path = DeliveryTrackScreen.swift; sourceTree = "<group>"; };
		A1000000000000000000002B /* WishlistScreen.swift */ = {isa = PBXFileReference; lastKnownFileType = sourcecode.swift; path = WishlistScreen.swift; sourceTree = "<group>"; };
		A1000000000000000000002D /* CompareScreen.swift */ = {isa = PBXFileReference; lastKnownFileType = sourcecode.swift; path = CompareScreen.swift; sourceTree = "<group>"; };
		A1000000000000000000002F /* ReviewsScreen.swift */ = {isa = PBXFileReference; lastKnownFileType = sourcecode.swift; path = ReviewsScreen.swift; sourceTree = "<group>"; };
		A10000000000000000000031 /* GuestCompareStore.swift */ = {isa = PBXFileReference; lastKnownFileType = sourcecode.swift; name = GuestCompareStore.swift; path = ../Sources/GTRCustomerCore/GuestCompareStore.swift; sourceTree = "<group>"; };
		A10000000000000000000025 /* Shared.xcconfig */ = {isa = PBXFileReference; lastKnownFileType = text.xcconfig; name = Shared.xcconfig; path = Config/Shared.xcconfig; sourceTree = "<group>"; };
/* End PBXFileReference section */

/* Begin PBXFrameworksBuildPhase section */
		A10000000000000000000020 /* Frameworks */ = {
			isa = PBXFrameworksBuildPhase;
			buildActionMask = 2147483647;
			files = (
			);
			runOnlyForDeploymentPostprocessing = 0;
		};
/* End PBXFrameworksBuildPhase section */

/* Begin PBXGroup section */
		A10000000000000000000030 = {
			isa = PBXGroup;
			children = (
				A10000000000000000000031 /* GTRCustomer */,
				A10000000000000000000025 /* Shared.xcconfig */,
				A10000000000000000000032 /* Products */,
			);
			sourceTree = "<group>";
		};
		A10000000000000000000031 /* GTRCustomer */ = {
			isa = PBXGroup;
			children = (
				A10000000000000000000011 /* GTRCustomerApp.swift */,
				A10000000000000000000012 /* ContentView.swift */,
				A10000000000000000000018 /* StorefrontSession.swift */,
				A10000000000000000000033 /* Features */,
				A10000000000000000000034 /* Core */,
				A10000000000000000000014 /* Assets.xcassets */,
			);
			path = GTRCustomer;
			sourceTree = "<group>";
		};
		A10000000000000000000032 /* Products */ = {
			isa = PBXGroup;
			children = (
				A10000000000000000000010 /* GTRCustomer.app */,
			);
			name = Products;
			sourceTree = "<group>";
		};
		A10000000000000000000033 /* Features */ = {
			isa = PBXGroup;
			children = (
				A10000000000000000000022 /* SignInScreen.swift */,
				A10000000000000000000019 /* CartScreen.swift */,
				A1000000000000000000001A /* OrdersScreen.swift */,
				A1000000000000000000001B /* GarageScreen.swift */,
				A1000000000000000000002B /* WishlistScreen.swift */,
				A1000000000000000000002D /* CompareScreen.swift */,
				A1000000000000000000002F /* ReviewsScreen.swift */,
				A1000000000000000000001C /* PayScreen.swift */,
				A10000000000000000000027 /* ChatScreen.swift */,
				A10000000000000000000029 /* DeliveryTrackScreen.swift */,
			);
			path = Features;
			sourceTree = "<group>";
		};
		A10000000000000000000034 /* Core */ = {
			isa = PBXGroup;
			children = (
				A10000000000000000000013 /* AppEnv.swift */,
				A10000000000000000000015 /* StorefrontModels.swift */,
				A10000000000000000000016 /* StorefrontApi.swift */,
				A1000000000000000000001D /* PostgrestClient.swift */,
				A1000000000000000000001E /* LiveStorefrontApi.swift */,
				A1000000000000000000001F /* GoTrueAuthClient.swift */,
				A10000000000000000000021 /* AuthTokenStore.swift */,
				A10000000000000000000017 /* StorefrontFormat.swift */,
				A10000000000000000000031 /* GuestCompareStore.swift */,
			);
			name = Core;
			sourceTree = "<group>";
		};
/* End PBXGroup section */

/* Begin PBXNativeTarget section */
		A10000000000000000000040 /* GTRCustomer */ = {
			isa = PBXNativeTarget;
			buildConfigurationList = A10000000000000000000060 /* Build configuration list for PBXNativeTarget "GTRCustomer" */;
			buildPhases = (
				A10000000000000000000041 /* Sources */,
				A10000000000000000000020 /* Frameworks */,
				A10000000000000000000042 /* Resources */,
			);
			buildRules = (
			);
			dependencies = (
			);
			name = GTRCustomer;
			productName = GTRCustomer;
			productReference = A10000000000000000000010 /* GTRCustomer.app */;
			productType = "com.apple.product-type.application";
		};
/* End PBXNativeTarget section */

/* Begin PBXProject section */
		A10000000000000000000050 /* Project object */ = {
			isa = PBXProject;
			attributes = {
				BuildIndependentTargetsInParallel = 1;
				LastSwiftUpdateCheck = 1600;
				LastUpgradeCheck = 1600;
				TargetAttributes = {
					A10000000000000000000040 = {
						CreatedOnToolsVersion = 16.0;
					};
				};
			};
			buildConfigurationList = A10000000000000000000061 /* Build configuration list for PBXProject "GTRCustomer" */;
			compatibilityVersion = "Xcode 14.0";
			developmentRegion = en;
			hasScannedForEncodings = 0;
			knownRegions = (
				en,
				Base,
			);
			mainGroup = A10000000000000000000030;
			productRefGroup = A10000000000000000000032 /* Products */;
			projectDirPath = "";
			projectRoot = "";
			targets = (
				A10000000000000000000040 /* GTRCustomer */,
			);
		};
/* End PBXProject section */

/* Begin PBXResourcesBuildPhase section */
		A10000000000000000000042 /* Resources */ = {
			isa = PBXResourcesBuildPhase;
			buildActionMask = 2147483647;
			files = (
				A10000000000000000000004 /* Assets.xcassets in Resources */,
			);
			runOnlyForDeploymentPostprocessing = 0;
		};
/* End PBXResourcesBuildPhase section */

/* Begin PBXSourcesBuildPhase section */
		A10000000000000000000041 /* Sources */ = {
			isa = PBXSourcesBuildPhase;
			buildActionMask = 2147483647;
			files = (
				A10000000000000000000001 /* GTRCustomerApp.swift in Sources */,
				A10000000000000000000002 /* ContentView.swift in Sources */,
				A10000000000000000000008 /* StorefrontSession.swift in Sources */,
				A10000000000000000000009 /* CartScreen.swift in Sources */,
				A1000000000000000000000A /* OrdersScreen.swift in Sources */,
				A1000000000000000000000B /* GarageScreen.swift in Sources */,
				A1000000000000000000000C /* PayScreen.swift in Sources */,
				A10000000000000000000003 /* AppEnv.swift in Sources */,
				A10000000000000000000005 /* StorefrontModels.swift in Sources */,
				A10000000000000000000006 /* StorefrontApi.swift in Sources */,
				A1000000000000000000000D /* PostgrestClient.swift in Sources */,
				A1000000000000000000000E /* LiveStorefrontApi.swift in Sources */,
				A1000000000000000000000F /* GoTrueAuthClient.swift in Sources */,
				A10000000000000000000023 /* AuthTokenStore.swift in Sources */,
				A10000000000000000000024 /* SignInScreen.swift in Sources */,
				A10000000000000000000026 /* ChatScreen.swift in Sources */,
				A10000000000000000000028 /* DeliveryTrackScreen.swift in Sources */,
				A1000000000000000000002A /* WishlistScreen.swift in Sources */,
				A1000000000000000000002C /* CompareScreen.swift in Sources */,
				A1000000000000000000002E /* ReviewsScreen.swift in Sources */,
				A10000000000000000000030 /* GuestCompareStore.swift in Sources */,
				A10000000000000000000007 /* StorefrontFormat.swift in Sources */,
			);
			runOnlyForDeploymentPostprocessing = 0;
		};
/* End PBXSourcesBuildPhase section */

/* Begin XCBuildConfiguration section */
		A10000000000000000000070 /* Debug */ = {
			isa = XCBuildConfiguration;
			buildSettings = {
				ALWAYS_SEARCH_USER_PATHS = NO;
				CLANG_ENABLE_MODULES = YES;
				COPY_PHASE_STRIP = NO;
				DEBUG_INFORMATION_FORMAT = dwarf;
				ENABLE_TESTABILITY = YES;
				GCC_DYNAMIC_NO_PIC = NO;
				MTL_ENABLE_DEBUG_INFO = INCLUDE_SOURCE;
				ONLY_ACTIVE_ARCH = YES;
				SDKROOT = iphoneos;
				SWIFT_ACTIVE_COMPILATION_CONDITIONS = DEBUG;
				SWIFT_OPTIMIZATION_LEVEL = "-Onone";
			};
			name = Debug;
		};
		A10000000000000000000071 /* Release */ = {
			isa = XCBuildConfiguration;
			buildSettings = {
				ALWAYS_SEARCH_USER_PATHS = NO;
				CLANG_ENABLE_MODULES = YES;
				COPY_PHASE_STRIP = NO;
				DEBUG_INFORMATION_FORMAT = "dwarf-with-dsym";
				MTL_ENABLE_DEBUG_INFO = NO;
				SDKROOT = iphoneos;
				SWIFT_COMPILATION_MODE = wholemodule;
				VALIDATE_PRODUCT = YES;
			};
			name = Release;
		};
		A10000000000000000000072 /* Debug */ = {
			isa = XCBuildConfiguration;
			baseConfigurationReference = A10000000000000000000025 /* Shared.xcconfig */;
			buildSettings = {
				ASSETCATALOG_COMPILER_APPICON_NAME = AppIcon;
				CODE_SIGN_STYLE = Automatic;
				CURRENT_PROJECT_VERSION = 1;
				DEVELOPMENT_TEAM = "";
				GENERATE_INFOPLIST_FILE = YES;
				INFOPLIST_FILE = GTRCustomer/Info.plist;
				INFOPLIST_KEY_CFBundleDisplayName = "GTR Customer";
				INFOPLIST_KEY_UIApplicationSceneManifest_Generation = YES;
				INFOPLIST_KEY_UILaunchScreen_Generation = YES;
				INFOPLIST_KEY_UISupportedInterfaceOrientations = UIInterfaceOrientationPortrait;
				IPHONEOS_DEPLOYMENT_TARGET = 17.0;
				LD_RUNPATH_SEARCH_PATHS = (
					"$(inherited)",
					"@executable_path/Frameworks",
				);
				MARKETING_VERSION = 0.1.0;
				PRODUCT_BUNDLE_IDENTIFIER = co.zw.nissangtr.customer;
				PRODUCT_NAME = "$(TARGET_NAME)";
				SUPPORTED_PLATFORMS = "iphoneos iphonesimulator";
				SUPPORTS_MACCATALYST = NO;
				SWIFT_EMIT_LOC_STRINGS = YES;
				SWIFT_VERSION = 5.0;
				TARGETED_DEVICE_FAMILY = 1;
			};
			name = Debug;
		};
		A10000000000000000000073 /* Release */ = {
			isa = XCBuildConfiguration;
			baseConfigurationReference = A10000000000000000000025 /* Shared.xcconfig */;
			buildSettings = {
				ASSETCATALOG_COMPILER_APPICON_NAME = AppIcon;
				CODE_SIGN_STYLE = Automatic;
				CURRENT_PROJECT_VERSION = 1;
				DEVELOPMENT_TEAM = "";
				GENERATE_INFOPLIST_FILE = YES;
				INFOPLIST_FILE = GTRCustomer/Info.plist;
				INFOPLIST_KEY_CFBundleDisplayName = "GTR Customer";
				INFOPLIST_KEY_UIApplicationSceneManifest_Generation = YES;
				INFOPLIST_KEY_UILaunchScreen_Generation = YES;
				INFOPLIST_KEY_UISupportedInterfaceOrientations = UIInterfaceOrientationPortrait;
				IPHONEOS_DEPLOYMENT_TARGET = 17.0;
				LD_RUNPATH_SEARCH_PATHS = (
					"$(inherited)",
					"@executable_path/Frameworks",
				);
				MARKETING_VERSION = 0.1.0;
				PRODUCT_BUNDLE_IDENTIFIER = co.zw.nissangtr.customer;
				PRODUCT_NAME = "$(TARGET_NAME)";
				SUPPORTED_PLATFORMS = "iphoneos iphonesimulator";
				SUPPORTS_MACCATALYST = NO;
				SWIFT_EMIT_LOC_STRINGS = YES;
				SWIFT_VERSION = 5.0;
				TARGETED_DEVICE_FAMILY = 1;
			};
			name = Release;
		};
/* End XCBuildConfiguration section */

/* Begin XCConfigurationList section */
		A10000000000000000000060 /* Build configuration list for PBXNativeTarget "GTRCustomer" */ = {
			isa = XCConfigurationList;
			buildConfigurations = (
				A10000000000000000000072 /* Debug */,
				A10000000000000000000073 /* Release */,
			);
			defaultConfigurationIsVisible = 0;
			defaultConfigurationName = Release;
		};
		A10000000000000000000061 /* Build configuration list for PBXProject "GTRCustomer" */ = {
			isa = XCConfigurationList;
			buildConfigurations = (
				A10000000000000000000070 /* Debug */,
				A10000000000000000000071 /* Release */,
			);
			defaultConfigurationIsVisible = 0;
			defaultConfigurationName = Release;
		};
/* End XCConfigurationList section */
	};
	rootObject = A10000000000000000000050 /* Project object */;
}
